Microsoft Visual Studio Solution File, Format Version 12.00
# Visual Studio 14
VisualStudioVersion = 14.0.25420.1
MinimumVisualStudioVersion = 10.0.40219.1
Project("{2150E333-8FDC-42A3-9474-1A3956D46DE8}") = "1 - Api", "1 - Api", "{09C448B2-1DA5-4F2E-BA51-910C56291D80}"
EndProject
Project("{FFD54A85-9362-48AC-B646-C93AB9AC63D2}") = "CleanArchitecture.Test.Api", "CleanArchitecture.Test.Api\CleanArchitecture.Test.Api.csproj", "{E788475F-FD7C-4466-BE16-8D76C4A8A3AB}"
EndProject
Project("{2150E333-8FDC-42A3-9474-1A3956D46DE8}") = "2 - Application", "2 - Application", "{744E1FD4-64D0-4CEF-A3B1-FEF82C840AA1}"
EndProject
Project("{52B49DB5-3EA9-4095-B1A7-DF1AC22D7DAE}") = "CleanArchitecture.Test.Application", "CleanArchitecture.Test.Application\CleanArchitecture.Test.Application.csproj", "{657E4B26-3749-463A-BED0-BE5B40982CB3}"
EndProject
Project("{2150E333-8FDC-42A3-9474-1A3956D46DE8}") = "3 - Domain", "3 - Domain", "{FF9D2CF4-886A-4516-AB9B-6CFA93F65123}"
EndProject
Project("{52B49DB5-3EA9-4095-B1A7-DF1AC22D7DAE}") = "CleanArchitecture.Test.Domain", "CleanArchitecture.Test.Domain\CleanArchitecture.Test.Domain.csproj", "{037337AF-93CC-4EE0-ADDC-034B82E9259B}"
EndProject
Project("{2150E333-8FDC-42A3-9474-1A3956D46DE8}") = "4 - Infrastructure", "4 - Infrastructure", "{497F2194-EB51-4B91-BB59-BC136D680224}"
EndProject
Project("{52B49DB5-3EA9-4095-B1A7-DF1AC22D7DAE}") = "CleanArchitecture.Test.Infrastructure", "CleanArchitecture.Test.Infrastructure\CleanArchitecture.Test.Infrastructure.csproj", "{2DB2C535-D54B-4142-83DD-9BB01110FA71}"
EndProject
Global
	GlobalSection(SolutionConfigurationPlatforms) = preSolution
		Debug|Any CPU = Debug|Any CPU
		Release|Any CPU = Release|Any CPU
	EndGlobalSection
	GlobalSection(ProjectConfigurationPlatforms) = postSolution
		{E788475F-FD7C-4466-BE16-8D76C4A8A3AB}.Debug|Any CPU.ActiveCfg = Debug|Any CPU
		{E788475F-FD7C-4466-BE16-8D76C4A8A3AB}.Debug|Any CPU.Build.0 = Debug|Any CPU
		{E788475F-FD7C-4466-BE16-8D76C4A8A3AB}.Release|Any CPU.ActiveCfg = Release|Any CPU
		{E788475F-FD7C-4466-BE16-8D76C4A8A3AB}.Release|Any CPU.Build.0 = Release|Any CPU
		{657E4B26-3749-463A-BED0-BE5B40982CB3}.Debug|Any CPU.ActiveCfg = Debug|Any CPU
		{657E4B26-3749-463A-BED0-BE5B40982CB3}.Debug|Any CPU.Build.0 = Debug|Any CPU
		{657E4B26-3749-463A-BED0-BE5B40982CB3}.Release|Any CPU.ActiveCfg = Release|Any CPU
		{657E4B26-3749-463A-BED0-BE5B40982CB3}.Release|Any CPU.Build.0 = Release|Any CPU
		{037337AF-93CC-4EE0-ADDC-034B82E9259B}.Debug|Any CPU.ActiveCfg = Debug|Any CPU
		{037337AF-93CC-4EE0-ADDC-034B82E9259B}.Debug|Any CPU.Build.0 = Debug|Any CPU
		{037337AF-93CC-4EE0-ADDC-034B82E9259B}.Release|Any CPU.ActiveCfg = Release|Any CPU
		{037337AF-93CC-4EE0-ADDC-034B82E9259B}.Release|Any CPU.Build.0 = Release|Any CPU
		{2DB2C535-D54B-4142-83DD-9BB01110FA71}.Debug|Any CPU.ActiveCfg = Debug|Any CPU
		{2DB2C535-D54B-4142-83DD-9BB01110FA71}.Debug|Any CPU.Build.0 = Debug|Any CPU
		{2DB2C535-D54B-4142-83DD-9BB01110FA71}.Release|Any CPU.ActiveCfg = Release|Any CPU
		{2DB2C535-D54B-4142-83DD-9BB01110FA71}.Release|Any CPU.Build.0 = Release|Any CPU
	EndGlobalSection
	GlobalSection(SolutionProperties) = preSolution
		HideSolutionNode = FALSE
	EndGlobalSection
	GlobalSection(NestedProjects) = preSolution
		{E788475F-FD7C-4466-BE16-8D76C4A8A3AB} = {09C448B2-1DA5-4F2E-BA51-910C56291D80}
		{657E4B26-3749-463A-BED0-BE5B40982CB3} = {744E1FD4-64D0-4CEF-A3B1-FEF82C840AA1}
		{037337AF-93CC-4EE0-ADDC-034B82E9259B} = {FF9D2CF4-886A-4516-AB9B-6CFA93F65123}
		{2DB2C535-D54B-4142-83DD-9BB01110FA71} = {497F2194-EB51-4B91-BB59-BC136D680224}
	EndGlobalSection
EndGlobal
